id: options
label: Options
flags: ['python', 'cpp']

parameters:
-   id: title
    label: Title
    dtype: string
    hide: ${ ('none' if title else 'part') }
-   id: author
    label: Author
    dtype: string
    hide: ${ ('none' if author else 'part') }
-   id: copyright
    label: Copyright
    dtype: string
    hide: ${ ('none' if copyright else 'part') }
-   id: description
    label: Description
    dtype: string
    hide: ${ ('none' if description else 'part') }
-   id: output_language
    label: Output Language
    dtype: enum
    default: python
    options: []
    option_labels: []
-   id: generate_options
    label: Generate Options
    dtype: enum
    default: qt_gui
    options: []
    option_labels: []

file_format: 1

documentation: |-
    The options block sets special parameters for the flow graph. Only one option block is allowed per flow graph.

    Title, author, and description parameters are for identification purposes.

    The window size controls the dimensions of the flow graph editor. The window size (width, height) must be between (300, 300) and (4096, 4096).

    The generate options controls the type of code generated. Non-graphical flow graphs should avoid using graphical sinks or graphical variable controls.

    In a graphical application, run can be controlled by a variable to start and stop the flowgraph at runtime.

    The id of this block determines the name of the generated file and the name of the class. For example, an id of my_block will generate the file my_block.py and class my_block(gr....

    The category parameter determines the placement of the block in the block selection window. The category only applies when creating hier blocks. To put hier blocks into the root category, enter / for the category.

    The Max Number of Output is the maximum number of output items allowed for any block in the flowgraph; to disable this set the max_nouts equal to 0.Use this to adjust the maximum latency a flowgraph can exhibit.
